
Microsoft Visual Studio Solution File, Format Version 12.00
# Visual Studio Version 17
VisualStudioVersion = 17.2.32630.192
MinimumVisualStudioVersion = 10.0.40219.1
Project("{9A19103F-16F7-4668-BE54-9A1E7A4F7556}") = "1. DAL", "1. DAL\1. DAL.csproj", "{AA6B572A-4A98-44DC-A317-C46893ADAF51}"
EndProject
Project("{9A19103F-16F7-4668-BE54-9A1E7A4F7556}") = "2. BUS", "2. BUS\2. BUS.csproj", "{674F12BF-C80E-41ED-B153-36D9441CBC51}"
EndProject
Project("{9A19103F-16F7-4668-BE54-9A1E7A4F7556}") = "3. PL", "3. PL\3. PL.csproj", "{56811832-78AA-4A77-852E-FEADE53E8FB6}"
EndProject
Global
	GlobalSection(SolutionConfigurationPlatforms) = preSolution
		Debug|Any CPU = Debug|Any CPU
		Release|Any CPU = Release|Any CPU
	EndGlobalSection
	GlobalSection(ProjectConfigurationPlatforms) = postSolution
		{AA6B572A-4A98-44DC-A317-C46893ADAF51}.Debug|Any CPU.ActiveCfg = Debug|Any CPU
		{AA6B572A-4A98-44DC-A317-C46893ADAF51}.Debug|Any CPU.Build.0 = Debug|Any CPU
		{AA6B572A-4A98-44DC-A317-C46893ADAF51}.Release|Any CPU.ActiveCfg = Release|Any CPU
		{AA6B572A-4A98-44DC-A317-C46893ADAF51}.Release|Any CPU.Build.0 = Release|Any CPU
		{674F12BF-C80E-41ED-B153-36D9441CBC51}.Debug|Any CPU.ActiveCfg = Debug|Any CPU
		{674F12BF-C80E-41ED-B153-36D9441CBC51}.Debug|Any CPU.Build.0 = Debug|Any CPU
		{674F12BF-C80E-41ED-B153-36D9441CBC51}.Release|Any CPU.ActiveCfg = Release|Any CPU
		{674F12BF-C80E-41ED-B153-36D9441CBC51}.Release|Any CPU.Build.0 = Release|Any CPU
		{56811832-78AA-4A77-852E-FEADE53E8FB6}.Debug|Any CPU.ActiveCfg = Debug|Any CPU
		{56811832-78AA-4A77-852E-FEADE53E8FB6}.Debug|Any CPU.Build.0 = Debug|Any CPU
		{56811832-78AA-4A77-852E-FEADE53E8FB6}.Release|Any CPU.ActiveCfg = Release|Any CPU
		{56811832-78AA-4A77-852E-FEADE53E8FB6}.Release|Any CPU.Build.0 = Release|Any CPU
	EndGlobalSection
	GlobalSection(SolutionProperties) = preSolution
		HideSolutionNode = FALSE
	EndGlobalSection
	GlobalSection(ExtensibilityGlobals) = postSolution
		SolutionGuid = {9CB36130-1D8E-4EE1-9CF4-12D25C916B70}
	EndGlobalSection
EndGlobal
